
Microsoft Visual Studio Solution File, Format Version 12.00
# Visual Studio 15
Project("{FAE04EC0-301F-11D3-BF4B-00C04F79EFBC}") = "Assembly-CSharp-Editor", "Assembly-CSharp-Editor.csproj", "{7A474872-F34C-030C-F781-0B95C14EA35F}"
EndProject
Project("{FAE04EC0-301F-11D3-BF4B-00C04F79EFBC}") = "Assembly-CSharp", "Assembly-CSharp.csproj", "{39151990-F8CE-BFA4-F442-3AFBB04A841F}"
EndProject
Global
	GlobalSection(SolutionConfigurationPlatforms) = preSolution
		Debug|Any CPU = Debug|Any CPU
		Release|Any CPU = Release|Any CPU
	EndGlobalSection
	GlobalSection(ProjectConfigurationPlatforms) = postSolution
		{7A474872-F34C-030C-F781-0B95C14EA35F}.Debug|Any CPU.ActiveCfg = Debug|Any CPU
		{7A474872-F34C-030C-F781-0B95C14EA35F}.Debug|Any CPU.Build.0 = Debug|Any CPU
		{7A474872-F34C-030C-F781-0B95C14EA35F}.Release|Any CPU.ActiveCfg = Release|Any CPU
		{7A474872-F34C-030C-F781-0B95C14EA35F}.Release|Any CPU.Build.0 = Release|Any CPU
		{39151990-F8CE-BFA4-F442-3AFBB04A841F}.Debug|Any CPU.ActiveCfg = Debug|Any CPU
		{39151990-F8CE-BFA4-F442-3AFBB04A841F}.Debug|Any CPU.Build.0 = Debug|Any CPU
		{39151990-F8CE-BFA4-F442-3AFBB04A841F}.Release|Any CPU.ActiveCfg = Release|Any CPU
		{39151990-F8CE-BFA4-F442-3AFBB04A841F}.Release|Any CPU.Build.0 = Release|Any CPU
	EndGlobalSection
	GlobalSection(SolutionProperties) = preSolution
		HideSolutionNode = FALSE
	EndGlobalSection
EndGlobal
