
Microsoft Visual Studio Solution File, Format Version 12.00
# Visual Studio 15
Project("{FAE04EC0-301F-11D3-BF4B-00C04F79EFBC}") = "Assembly-CSharp-Editor", "Assembly-CSharp-Editor.csproj", "{2A3BA7A7-E14E-1200-5EB2-77CD4B630B5A}"
EndProject
Project("{FAE04EC0-301F-11D3-BF4B-00C04F79EFBC}") = "Assembly-CSharp", "Assembly-CSharp.csproj", "{42ECAF07-F113-F338-3A9B-7AFD5ABD55C8}"
EndProject
Global
	GlobalSection(SolutionConfigurationPlatforms) = preSolution
		Debug|Any CPU = Debug|Any CPU
		Release|Any CPU = Release|Any CPU
	EndGlobalSection
	GlobalSection(ProjectConfigurationPlatforms) = postSolution
		{2A3BA7A7-E14E-1200-5EB2-77CD4B630B5A}.Debug|Any CPU.ActiveCfg = Debug|Any CPU
		{2A3BA7A7-E14E-1200-5EB2-77CD4B630B5A}.Debug|Any CPU.Build.0 = Debug|Any CPU
		{2A3BA7A7-E14E-1200-5EB2-77CD4B630B5A}.Release|Any CPU.ActiveCfg = Release|Any CPU
		{2A3BA7A7-E14E-1200-5EB2-77CD4B630B5A}.Release|Any CPU.Build.0 = Release|Any CPU
		{42ECAF07-F113-F338-3A9B-7AFD5ABD55C8}.Debug|Any CPU.ActiveCfg = Debug|Any CPU
		{42ECAF07-F113-F338-3A9B-7AFD5ABD55C8}.Debug|Any CPU.Build.0 = Debug|Any CPU
		{42ECAF07-F113-F338-3A9B-7AFD5ABD55C8}.Release|Any CPU.ActiveCfg = Release|Any CPU
		{42ECAF07-F113-F338-3A9B-7AFD5ABD55C8}.Release|Any CPU.Build.0 = Release|Any CPU
	EndGlobalSection
	GlobalSection(SolutionProperties) = preSolution
		HideSolutionNode = FALSE
	EndGlobalSection
EndGlobal
